// !$*UTF8*$!
{
	archiveVersion = 1;
	classes = {
	};
	objectVersion = 50;
	objects = {

/* Begin PBXBuildFile section */
		EA81E3FE247A8F71001F6B4D /* AppDelegate.swift in Sources */ = {isa = PBXBuildFile; fileRef = EA81E3FD247A8F71001F6B4D /* AppDelegate.swift */; };
		EA81E400247A8F71001F6B4D /* DocumentBrowserViewController.swift in Sources */ = {isa = PBXBuildFile; fileRef = EA81E3FF247A8F71001F6B4D /* DocumentBrowserViewController.swift */; };
		EA81E404247A8F71001F6B4D /* EmojiArtDocument.swift in Sources */ = {isa = PBXBuildFile; fileRef = EA81E403247A8F71001F6B4D /* EmojiArtDocument.swift */; };
		EA81E407247A8F71001F6B4D /* Main.storyboard in Resources */ = {isa = PBXBuildFile; fileRef = EA81E405247A8F71001F6B4D /* Main.storyboard */; };
		EA81E409247A8F73001F6B4D /* Assets.xcassets in Resources */ = {isa = PBXBuildFile; fileRef = EA81E408247A8F73001F6B4D /* Assets.xcassets */; };
		EA81E40C247A8F73001F6B4D /* LaunchScreen.storyboard in Resources */ = {isa = PBXBuildFile; fileRef = EA81E40A247A8F73001F6B4D /* LaunchScreen.storyboard */; };
		EA81E416247AB02F001F6B4D /* EmojiArtView.swift in Sources */ = {isa = PBXBuildFile; fileRef = EA81E415247AB02F001F6B4D /* EmojiArtView.swift */; };
		EA81E419247AB047001F6B4D /* EmojiCollectionViewCell.swift in Sources */ = {isa = PBXBuildFile; fileRef = EA81E417247AB047001F6B4D /* EmojiCollectionViewCell.swift */; };
		EA81E41A247AB047001F6B4D /* TextFieldCollectionViewCell.swift in Sources */ = {isa = PBXBuildFile; fileRef = EA81E418247AB047001F6B4D /* TextFieldCollectionViewCell.swift */; };
		EA81E41D247AB069001F6B4D /* EmojiArt.swift in Sources */ = {isa = PBXBuildFile; fileRef = EA81E41C247AB069001F6B4D /* EmojiArt.swift */; };
		EA81E420247AB0A9001F6B4D /* EmojiArtViewController.swift in Sources */ = {isa = PBXBuildFile; fileRef = EA81E41F247AB0A9001F6B4D /* EmojiArtViewController.swift */; };
		EA81E422247AB0B6001F6B4D /* ImageFetcherManager.swift in Sources */ = {isa = PBXBuildFile; fileRef = EA81E421247AB0B5001F6B4D /* ImageFetcherManager.swift */; };
		EA81E424247AB0C0001F6B4D /* Utility extensions.swift in Sources */ = {isa = PBXBuildFile; fileRef = EA81E423247AB0C0001F6B4D /* Utility extensions.swift */; };
		EAAC95932483C0DF000B8211 /* DocumentInfoViewController.swift in Sources */ = {isa = PBXBuildFile; fileRef = EAAC95922483C0DF000B8211 /* DocumentInfoViewController.swift */; };
/* End PBXBuildFile section */

/* Begin PBXFileReference section */
		EA81E3FA247A8F71001F6B4D /* EmojiArt.app */ = {isa = PBXFileReference; explicitFileType = wrapper.application; includeInIndex = 0; path = EmojiArt.app; sourceTree = BUILT_PRODUCTS_DIR; };
		EA81E3FD247A8F71001F6B4D /* AppDelegate.swift */ = {isa = PBXFileReference; lastKnownFileType = sourcecode.swift; path = AppDelegate.swift; sourceTree = "<group>"; };
		EA81E3FF247A8F71001F6B4D /* DocumentBrowserViewController.swift */ = {isa = PBXFileReference; lastKnownFileType = sourcecode.swift; path = DocumentBrowserViewController.swift; sourceTree = "<group>"; };
		EA81E403247A8F71001F6B4D /* EmojiArtDocument.swift */ = {isa = PBXFileReference; lastKnownFileType = sourcecode.swift; path = EmojiArtDocument.swift; sourceTree = "<group>"; };
		EA81E406247A8F71001F6B4D /* Base */ = {isa = PBXFileReference; lastKnownFileType = file.storyboard; name = Base; path = Base.lproj/Main.storyboard; sourceTree = "<group>"; };
		EA81E408247A8F73001F6B4D /* Assets.xcassets */ = {isa = PBXFileReference; lastKnownFileType = folder.assetcatalog; path = Assets.xcassets; sourceTree = "<group>"; };
		EA81E40B247A8F73001F6B4D /* Base */ = {isa = PBXFileReference; lastKnownFileType = file.storyboard; name = Base; path = Base.lproj/LaunchScreen.storyboard; sourceTree = "<group>"; };
		EA81E40D247A8F73001F6B4D /* Info.plist */ = {isa = PBXFileReference; lastKnownFileType = text.plist.xml; path = Info.plist; sourceTree = "<group>"; };
		EA81E415247AB02F001F6B4D /* EmojiArtView.swift */ = {isa = PBXFileReference; fileEncoding = 4; lastKnownFileType = sourcecode.swift; path = EmojiArtView.swift; sourceTree = "<group>"; };
		EA81E417247AB047001F6B4D /* EmojiCollectionViewCell.swift */ = {isa = PBXFileReference; fileEncoding = 4; lastKnownFileType = sourcecode.swift; path = EmojiCollectionViewCell.swift; sourceTree = "<group>"; };
		EA81E418247AB047001F6B4D /* TextFieldCollectionViewCell.swift */ = {isa = PBXFileReference; fileEncoding = 4; lastKnownFileType = sourcecode.swift; path = TextFieldCollectionViewCell.swift; sourceTree = "<group>"; };
		EA81E41C247AB069001F6B4D /* EmojiArt.swift */ = {isa = PBXFileReference; fileEncoding = 4; lastKnownFileType = sourcecode.swift; path = EmojiArt.swift; sourceTree = "<group>"; };
		EA81E41F247AB0A9001F6B4D /* EmojiArtViewController.swift */ = {isa = PBXFileReference; fileEncoding = 4; lastKnownFileType = sourcecode.swift; path = EmojiArtViewController.swift; sourceTree = "<group>"; };
		EA81E421247AB0B5001F6B4D /* ImageFetcherManager.swift */ = {isa = PBXFileReference; fileEncoding = 4; lastKnownFileType = sourcecode.swift; path = ImageFetcherManager.swift; sourceTree = "<group>"; };
		EA81E423247AB0C0001F6B4D /* Utility extensions.swift */ = {isa = PBXFileReference; fileEncoding = 4; lastKnownFileType = sourcecode.swift; path = "Utility extensions.swift"; sourceTree = "<group>"; };
		EAAC95922483C0DF000B8211 /* DocumentInfoViewController.swift */ = {isa = PBXFileReference; lastKnownFileType = sourcecode.swift; path = DocumentInfoViewController.swift; sourceTree = "<group>"; };
/* End PBXFileReference section */

/* Begin PBXFrameworksBuildPhase section */
		EA81E3F7247A8F71001F6B4D /* Frameworks */ = {
			isa = PBXFrameworksBuildPhase;
			buildActionMask = 2147483647;
			files = (
			);
			runOnlyForDeploymentPostprocessing = 0;
		};
/* End PBXFrameworksBuildPhase section */

/* Begin PBXGroup section */
		EA81E3F1247A8F71001F6B4D = {
			isa = PBXGroup;
			children = (
				EA81E3FC247A8F71001F6B4D /* EmojiArt */,
				EA81E3FB247A8F71001F6B4D /* Products */,
			);
			sourceTree = "<group>";
			usesTabs = 0;
		};
		EA81E3FB247A8F71001F6B4D /* Products */ = {
			isa = PBXGroup;
			children = (
				EA81E3FA247A8F71001F6B4D /* EmojiArt.app */,
			);
			name = Products;
			sourceTree = "<group>";
		};
		EA81E3FC247A8F71001F6B4D /* EmojiArt */ = {
			isa = PBXGroup;
			children = (
				EA81E41E247AB06D001F6B4D /* Model */,
				EA81E414247AA25A001F6B4D /* Views */,
				EA81E427247AB10A001F6B4D /* Controllers */,
				EA81E425247AB0E5001F6B4D /* Manager */,
				EA81E426247AB0EF001F6B4D /* Utilities */,
				EA81E413247AA161001F6B4D /* Supporting Files */,
			);
			path = EmojiArt;
			sourceTree = "<group>";
		};
		EA81E413247AA161001F6B4D /* Supporting Files */ = {
			isa = PBXGroup;
			children = (
				EA81E3FD247A8F71001F6B4D /* AppDelegate.swift */,
				EA81E408247A8F73001F6B4D /* Assets.xcassets */,
				EA81E40D247A8F73001F6B4D /* Info.plist */,
			);
			path = "Supporting Files";
			sourceTree = "<group>";
		};
		EA81E414247AA25A001F6B4D /* Views */ = {
			isa = PBXGroup;
			children = (
				EA81E41B247AB04C001F6B4D /* Cells */,
				EA81E415247AB02F001F6B4D /* EmojiArtView.swift */,
				EA81E405247A8F71001F6B4D /* Main.storyboard */,
				EA81E40A247A8F73001F6B4D /* LaunchScreen.storyboard */,
			);
			path = Views;
			sourceTree = "<group>";
		};
		EA81E41B247AB04C001F6B4D /* Cells */ = {
			isa = PBXGroup;
			children = (
				EA81E417247AB047001F6B4D /* EmojiCollectionViewCell.swift */,
				EA81E418247AB047001F6B4D /* TextFieldCollectionViewCell.swift */,
			);
			path = Cells;
			sourceTree = "<group>";
		};
		EA81E41E247AB06D001F6B4D /* Model */ = {
			isa = PBXGroup;
			children = (
				EA81E41C247AB069001F6B4D /* EmojiArt.swift */,
				EA81E403247A8F71001F6B4D /* EmojiArtDocument.swift */,
			);
			path = Model;
			sourceTree = "<group>";
		};
		EA81E425247AB0E5001F6B4D /* Manager */ = {
			isa = PBXGroup;
			children = (
				EA81E421247AB0B5001F6B4D /* ImageFetcherManager.swift */,
			);
			path = Manager;
			sourceTree = "<group>";
		};
		EA81E426247AB0EF001F6B4D /* Utilities */ = {
			isa = PBXGroup;
			children = (
				EA81E423247AB0C0001F6B4D /* Utility extensions.swift */,
			);
			path = Utilities;
			sourceTree = "<group>";
		};
		EA81E427247AB10A001F6B4D /* Controllers */ = {
			isa = PBXGroup;
			children = (
				EA81E3FF247A8F71001F6B4D /* DocumentBrowserViewController.swift */,
				EA81E41F247AB0A9001F6B4D /* EmojiArtViewController.swift */,
				EAAC95922483C0DF000B8211 /* DocumentInfoViewController.swift */,
			);
			path = Controllers;
			sourceTree = "<group>";
		};
/* End PBXGroup section */

/* Begin PBXNativeTarget section */
		EA81E3F9247A8F71001F6B4D /* EmojiArt */ = {
			isa = PBXNativeTarget;
			buildConfigurationList = EA81E410247A8F73001F6B4D /* Build configuration list for PBXNativeTarget "EmojiArt" */;
			buildPhases = (
				EA81E3F6247A8F71001F6B4D /* Sources */,
				EA81E3F7247A8F71001F6B4D /* Frameworks */,
				EA81E3F8247A8F71001F6B4D /* Resources */,
			);
			buildRules = (
			);
			dependencies = (
			);
			name = EmojiArt;
			productName = EmojiArt;
			productReference = EA81E3FA247A8F71001F6B4D /* EmojiArt.app */;
			productType = "com.apple.product-type.application";
		};
/* End PBXNativeTarget section */

/* Begin PBXProject section */
		EA81E3F2247A8F71001F6B4D /* Project object */ = {
			isa = PBXProject;
			attributes = {
				LastSwiftUpdateCheck = 1150;
				LastUpgradeCheck = 1150;
				ORGANIZATIONNAME = "Alexislog's Production";
				TargetAttributes = {
					EA81E3F9247A8F71001F6B4D = {
						CreatedOnToolsVersion = 11.5;
					};
				};
			};
			buildConfigurationList = EA81E3F5247A8F71001F6B4D /* Build configuration list for PBXProject "EmojiArt" */;
			compatibilityVersion = "Xcode 9.3";
			developmentRegion = en;
			hasScannedForEncodings = 0;
			knownRegions = (
				en,
				Base,
			);
			mainGroup = EA81E3F1247A8F71001F6B4D;
			productRefGroup = EA81E3FB247A8F71001F6B4D /* Products */;
			projectDirPath = "";
			projectRoot = "";
			targets = (
				EA81E3F9247A8F71001F6B4D /* EmojiArt */,
			);
		};
/* End PBXProject section */

/* Begin PBXResourcesBuildPhase section */
		EA81E3F8247A8F71001F6B4D /* Resources */ = {
			isa = PBXResourcesBuildPhase;
			buildActionMask = 2147483647;
			files = (
				EA81E40C247A8F73001F6B4D /* LaunchScreen.storyboard in Resources */,
				EA81E409247A8F73001F6B4D /* Assets.xcassets in Resources */,
				EA81E407247A8F71001F6B4D /* Main.storyboard in Resources */,
			);
			runOnlyForDeploymentPostprocessing = 0;
		};
/* End PBXResourcesBuildPhase section */

/* Begin PBXSourcesBuildPhase section */
		EA81E3F6247A8F71001F6B4D /* Sources */ = {
			isa = PBXSourcesBuildPhase;
			buildActionMask = 2147483647;
			files = (
				EAAC95932483C0DF000B8211 /* DocumentInfoViewController.swift in Sources */,
				EA81E41A247AB047001F6B4D /* TextFieldCollectionViewCell.swift in Sources */,
				EA81E420247AB0A9001F6B4D /* EmojiArtViewController.swift in Sources */,
				EA81E422247AB0B6001F6B4D /* ImageFetcherManager.swift in Sources */,
				EA81E424247AB0C0001F6B4D /* Utility extensions.swift in Sources */,
				EA81E41D247AB069001F6B4D /* EmojiArt.swift in Sources */,
				EA81E404247A8F71001F6B4D /* EmojiArtDocument.swift in Sources */,
				EA81E400247A8F71001F6B4D /* DocumentBrowserViewController.swift in Sources */,
				EA81E419247AB047001F6B4D /* EmojiCollectionViewCell.swift in Sources */,
				EA81E3FE247A8F71001F6B4D /* AppDelegate.swift in Sources */,
				EA81E416247AB02F001F6B4D /* EmojiArtView.swift in Sources */,
			);
			runOnlyForDeploymentPostprocessing = 0;
		};
/* End PBXSourcesBuildPhase section */

/* Begin PBXVariantGroup section */
		EA81E405247A8F71001F6B4D /* Main.storyboard */ = {
			isa = PBXVariantGroup;
			children = (
				EA81E406247A8F71001F6B4D /* Base */,
			);
			name = Main.storyboard;
			sourceTree = "<group>";
		};
		EA81E40A247A8F73001F6B4D /* LaunchScreen.storyboard */ = {
			isa = PBXVariantGroup;
			children = (
				EA81E40B247A8F73001F6B4D /* Base */,
			);
			name = LaunchScreen.storyboard;
			sourceTree = "<group>";
		};
/* End PBXVariantGroup section */

/* Begin XCBuildConfiguration section */
		EA81E40E247A8F73001F6B4D /* Debug */ = {
			isa = XCBuildConfiguration;
			buildSettings = {
				ALWAYS_SEARCH_USER_PATHS = NO;
				CLANG_ANALYZER_NONNULL = YES;
				CLANG_ANALYZER_NUMBER_OBJECT_CONVERSION = YES_AGGRESSIVE;
				CLANG_CXX_LANGUAGE_STANDARD = "gnu++14";
				CLANG_CXX_LIBRARY = "libc++";
				CLANG_ENABLE_MODULES = YES;
				CLANG_ENABLE_OBJC_ARC = YES;
				CLANG_ENABLE_OBJC_WEAK = YES;
				CLANG_WARN_BLOCK_CAPTURE_AUTORELEASING = YES;
				CLANG_WARN_BOOL_CONVERSION = YES;
				CLANG_WARN_COMMA = YES;
				CLANG_WARN_CONSTANT_CONVERSION = YES;
				CLANG_WARN_DEPRECATED_OBJC_IMPLEMENTATIONS = YES;
				CLANG_WARN_DIRECT_OBJC_ISA_USAGE = YES_ERROR;
				CLANG_WARN_DOCUMENTATION_COMMENTS = YES;
				CLANG_WARN_EMPTY_BODY = YES;
				CLANG_WARN_ENUM_CONVERSION = YES;
				CLANG_WARN_INFINITE_RECURSION = YES;
				CLANG_WARN_INT_CONVERSION = YES;
				CLANG_WARN_NON_LITERAL_NULL_CONVERSION = YES;
				CLANG_WARN_OBJC_IMPLICIT_RETAIN_SELF = YES;
				CLANG_WARN_OBJC_LITERAL_CONVERSION = YES;
				CLANG_WARN_OBJC_ROOT_CLASS = YES_ERROR;
				CLANG_WARN_RANGE_LOOP_ANALYSIS = YES;
				CLANG_WARN_STRICT_PROTOTYPES = YES;
				CLANG_WARN_SUSPICIOUS_MOVE = YES;
				CLANG_WARN_UNGUARDED_AVAILABILITY = YES_AGGRESSIVE;
				CLANG_WARN_UNREACHABLE_CODE = YES;
				CLANG_WARN__DUPLICATE_METHOD_MATCH = YES;
				COPY_PHASE_STRIP = NO;
				DEBUG_INFORMATION_FORMAT = dwarf;
				ENABLE_STRICT_OBJC_MSGSEND = YES;
				ENABLE_TESTABILITY = YES;
				GCC_C_LANGUAGE_STANDARD = gnu11;
				GCC_DYNAMIC_NO_PIC = NO;
				GCC_NO_COMMON_BLOCKS = YES;
				GCC_OPTIMIZATION_LEVEL = 0;
				GCC_PREPROCESSOR_DEFINITIONS = (
					"DEBUG=1",
					"$(inherited)",
				);
				GCC_WARN_64_TO_32_BIT_CONVERSION = YES;
				GCC_WARN_ABOUT_RETURN_TYPE = YES_ERROR;
				GCC_WARN_UNDECLARED_SELECTOR = YES;
				GCC_WARN_UNINITIALIZED_AUTOS = YES_AGGRESSIVE;
				GCC_WARN_UNUSED_FUNCTION = YES;
				GCC_WARN_UNUSED_VARIABLE = YES;
				IPHONEOS_DEPLOYMENT_TARGET = 13.5;
				MTL_ENABLE_DEBUG_INFO = INCLUDE_SOURCE;
				MTL_FAST_MATH = YES;
				ONLY_ACTIVE_ARCH = YES;
				SDKROOT = iphoneos;
				SWIFT_ACTIVE_COMPILATION_CONDITIONS = DEBUG;
				SWIFT_OPTIMIZATION_LEVEL = "-Onone";
			};
			name = Debug;
		};
		EA81E40F247A8F73001F6B4D /* Release */ = {
			isa = XCBuildConfiguration;
			buildSettings = {
				ALWAYS_SEARCH_USER_PATHS = NO;
				CLANG_ANALYZER_NONNULL = YES;
				CLANG_ANALYZER_NUMBER_OBJECT_CONVERSION = YES_AGGRESSIVE;
				CLANG_CXX_LANGUAGE_STANDARD = "gnu++14";
				CLANG_CXX_LIBRARY = "libc++";
				CLANG_ENABLE_MODULES = YES;
				CLANG_ENABLE_OBJC_ARC = YES;
				CLANG_ENABLE_OBJC_WEAK = YES;
				CLANG_WARN_BLOCK_CAPTURE_AUTORELEASING = YES;
				CLANG_WARN_BOOL_CONVERSION = YES;
				CLANG_WARN_COMMA = YES;
				CLANG_WARN_CONSTANT_CONVERSION = YES;
				CLANG_WARN_DEPRECATED_OBJC_IMPLEMENTATIONS = YES;
				CLANG_WARN_DIRECT_OBJC_ISA_USAGE = YES_ERROR;
				CLANG_WARN_DOCUMENTATION_COMMENTS = YES;
				CLANG_WARN_EMPTY_BODY = YES;
				CLANG_WARN_ENUM_CONVERSION = YES;
				CLANG_WARN_INFINITE_RECURSION = YES;
				CLANG_WARN_INT_CONVERSION = YES;
				CLANG_WARN_NON_LITERAL_NULL_CONVERSION = YES;
				CLANG_WARN_OBJC_IMPLICIT_RETAIN_SELF = YES;
				CLANG_WARN_OBJC_LITERAL_CONVERSION = YES;
				CLANG_WARN_OBJC_ROOT_CLASS = YES_ERROR;
				CLANG_WARN_RANGE_LOOP_ANALYSIS = YES;
				CLANG_WARN_STRICT_PROTOTYPES = YES;
				CLANG_WARN_SUSPICIOUS_MOVE = YES;
				CLANG_WARN_UNGUARDED_AVAILABILITY = YES_AGGRESSIVE;
				CLANG_WARN_UNREACHABLE_CODE = YES;
				CLANG_WARN__DUPLICATE_METHOD_MATCH = YES;
				COPY_PHASE_STRIP = NO;
				DEBUG_INFORMATION_FORMAT = "dwarf-with-dsym";
				ENABLE_NS_ASSERTIONS = NO;
				ENABLE_STRICT_OBJC_MSGSEND = YES;
				GCC_C_LANGUAGE_STANDARD = gnu11;
				GCC_NO_COMMON_BLOCKS = YES;
				GCC_WARN_64_TO_32_BIT_CONVERSION = YES;
				GCC_WARN_ABOUT_RETURN_TYPE = YES_ERROR;
				GCC_WARN_UNDECLARED_SELECTOR = YES;
				GCC_WARN_UNINITIALIZED_AUTOS = YES_AGGRESSIVE;
				GCC_WARN_UNUSED_FUNCTION = YES;
				GCC_WARN_UNUSED_VARIABLE = YES;
				IPHONEOS_DEPLOYMENT_TARGET = 13.5;
				MTL_ENABLE_DEBUG_INFO = NO;
				MTL_FAST_MATH = YES;
				SDKROOT = iphoneos;
				SWIFT_COMPILATION_MODE = wholemodule;
				SWIFT_OPTIMIZATION_LEVEL = "-O";
				VALIDATE_PRODUCT = YES;
			};
			name = Release;
		};
		EA81E411247A8F73001F6B4D /* Debug */ = {
			isa = XCBuildConfiguration;
			buildSettings = {
				ASSETCATALOG_COMPILER_APPICON_NAME = AppIcon;
				CODE_SIGN_STYLE = Automatic;
				DEVELOPMENT_TEAM = UG5F626PKK;
				INFOPLIST_FILE = "$(SRCROOT)/EmojiArt/Supporting Files/Info.plist";
				LD_RUNPATH_SEARCH_PATHS = (
					"$(inherited)",
					"@executable_path/Frameworks",
				);
				PRODUCT_BUNDLE_IDENTIFIER = ASlog.EmojiArt;
				PRODUCT_NAME = "$(TARGET_NAME)";
				SWIFT_VERSION = 5.0;
				TARGETED_DEVICE_FAMILY = "1,2";
			};
			name = Debug;
		};
		EA81E412247A8F73001F6B4D /* Release */ = {
			isa = XCBuildConfiguration;
			buildSettings = {
				ASSETCATALOG_COMPILER_APPICON_NAME = AppIcon;
				CODE_SIGN_STYLE = Automatic;
				DEVELOPMENT_TEAM = UG5F626PKK;
				INFOPLIST_FILE = "$(SRCROOT)/EmojiArt/Supporting Files/Info.plist";
				LD_RUNPATH_SEARCH_PATHS = (
					"$(inherited)",
					"@executable_path/Frameworks",
				);
				PRODUCT_BUNDLE_IDENTIFIER = ASlog.EmojiArt;
				PRODUCT_NAME = "$(TARGET_NAME)";
				SWIFT_VERSION = 5.0;
				TARGETED_DEVICE_FAMILY = "1,2";
			};
			name = Release;
		};
/* End XCBuildConfiguration section */

/* Begin XCConfigurationList section */
		EA81E3F5247A8F71001F6B4D /* Build configuration list for PBXProject "EmojiArt" */ = {
			isa = XCConfigurationList;
			buildConfigurations = (
				EA81E40E247A8F73001F6B4D /* Debug */,
				EA81E40F247A8F73001F6B4D /* Release */,
			);
			defaultConfigurationIsVisible = 0;
			defaultConfigurationName = Release;
		};
		EA81E410247A8F73001F6B4D /* Build configuration list for PBXNativeTarget "EmojiArt" */ = {
			isa = XCConfigurationList;
			buildConfigurations = (
				EA81E411247A8F73001F6B4D /* Debug */,
				EA81E412247A8F73001F6B4D /* Release */,
			);
			defaultConfigurationIsVisible = 0;
			defaultConfigurationName = Release;
		};
/* End XCConfigurationList section */
	};
	rootObject = EA81E3F2247A8F71001F6B4D /* Project object */;
}
